
Microsoft Visual Studio Solution File, Format Version 12.00
# Visual Studio Version 16
VisualStudioVersion = 16.0.29123.88
MinimumVisualStudioVersion = 10.0.40219.1
Project("{FAE04EC0-301F-11D3-BF4B-00C04F79EFBC}") = "DiffusionKeywordAggregator", "DiffusionKeywordAggregator.csproj", "{9F4AEC9D-D6F3-43B0-A8B5-189AC393709A}"
EndProject
Project("{FAE04EC0-301F-11D3-BF4B-00C04F79EFBC}") = "SubAgent", "..\SubAgent\SubAgent.csproj", "{8BABBD6B-F678-469F-9FD5-578A7DC7B3EF}"
EndProject
Global
	GlobalSection(SolutionConfigurationPlatforms) = preSolution
		Debug|Any CPU = Debug|Any CPU
		Release|Any CPU = Release|Any CPU
	EndGlobalSection
	GlobalSection(ProjectConfigurationPlatforms) = postSolution
		{9F4AEC9D-D6F3-43B0-A8B5-189AC393709A}.Debug|Any CPU.ActiveCfg = Debug|Any CPU
		{9F4AEC9D-D6F3-43B0-A8B5-189AC393709A}.Debug|Any CPU.Build.0 = Debug|Any CPU
		{9F4AEC9D-D6F3-43B0-A8B5-189AC393709A}.Release|Any CPU.ActiveCfg = Release|Any CPU
		{9F4AEC9D-D6F3-43B0-A8B5-189AC393709A}.Release|Any CPU.Build.0 = Release|Any CPU
		{8BABBD6B-F678-469F-9FD5-578A7DC7B3EF}.Debug|Any CPU.ActiveCfg = Debug|Any CPU
		{8BABBD6B-F678-469F-9FD5-578A7DC7B3EF}.Debug|Any CPU.Build.0 = Debug|Any CPU
		{8BABBD6B-F678-469F-9FD5-578A7DC7B3EF}.Release|Any CPU.ActiveCfg = Release|Any CPU
		{8BABBD6B-F678-469F-9FD5-578A7DC7B3EF}.Release|Any CPU.Build.0 = Release|Any CPU
	EndGlobalSection
	GlobalSection(SolutionProperties) = preSolution
		HideSolutionNode = FALSE
	EndGlobalSection
	GlobalSection(ExtensibilityGlobals) = postSolution
		SolutionGuid = {AF342CB6-0E8A-4103-ADF4-F803BAEBF7AD}
	EndGlobalSection
EndGlobal
